
Microsoft Visual Studio Solution File, Format Version 12.00
# Visual Studio Version 16
VisualStudioVersion = 16.0.30523.141
MinimumVisualStudioVersion = 10.0.40219.1
Project("{FAE04EC0-301F-11D3-BF4B-00C04F79EFBC}") = "CduNsa", "CduNsa.csproj", "{A6C77A1A-339E-48C7-A05B-18569D154D2B}"
EndProject
Global
	GlobalSection(SolutionConfigurationPlatforms) = preSolution
		Debug|Any CPU = Debug|Any CPU
		Release|Any CPU = Release|Any CPU
	EndGlobalSection
	GlobalSection(ProjectConfigurationPlatforms) = postSolution
		{A6C77A1A-339E-48C7-A05B-18569D154D2B}.Debug|Any CPU.ActiveCfg = Debug|Any CPU
		{A6C77A1A-339E-48C7-A05B-18569D154D2B}.Debug|Any CPU.Build.0 = Debug|Any CPU
		{A6C77A1A-339E-48C7-A05B-18569D154D2B}.Release|Any CPU.ActiveCfg = Release|Any CPU
		{A6C77A1A-339E-48C7-A05B-18569D154D2B}.Release|Any CPU.Build.0 = Release|Any CPU
	EndGlobalSection
	GlobalSection(SolutionProperties) = preSolution
		HideSolutionNode = FALSE
	EndGlobalSection
	GlobalSection(ExtensibilityGlobals) = postSolution
		SolutionGuid = {EA993EC6-456A-4AE7-924E-D85DB4CD7117}
	EndGlobalSection
EndGlobal
